
Microsoft Visual Studio Solution File, Format Version 12.00
# Visual Studio Version 17
VisualStudioVersion = 17.9.34728.123
MinimumVisualStudioVersion = 10.0.40219.1
Project("{8BC9CEB8-8B4A-11D0-8D11-00A0C91BC942}") = "Czas_procesora_1", "Czas_procesora_1.vcxproj", "{E904ED9D-E1C1-49F7-9709-042543D421EC}"
EndProject
Global
	GlobalSection(SolutionConfigurationPlatforms) = preSolution
		Debug|x64 = Debug|x64
		Debug|x86 = Debug|x86
		Release|x64 = Release|x64
		Release|x86 = Release|x86
	EndGlobalSection
	GlobalSection(ProjectConfigurationPlatforms) = postSolution
		{E904ED9D-E1C1-49F7-9709-042543D421EC}.Debug|x64.ActiveCfg = Debug|x64
		{E904ED9D-E1C1-49F7-9709-042543D421EC}.Debug|x64.Build.0 = Debug|x64
		{E904ED9D-E1C1-49F7-9709-042543D421EC}.Debug|x86.ActiveCfg = Debug|Win32
		{E904ED9D-E1C1-49F7-9709-042543D421EC}.Debug|x86.Build.0 = Debug|Win32
		{E904ED9D-E1C1-49F7-9709-042543D421EC}.Release|x64.ActiveCfg = Release|x64
		{E904ED9D-E1C1-49F7-9709-042543D421EC}.Release|x64.Build.0 = Release|x64
		{E904ED9D-E1C1-49F7-9709-042543D421EC}.Release|x86.ActiveCfg = Release|Win32
		{E904ED9D-E1C1-49F7-9709-042543D421EC}.Release|x86.Build.0 = Release|Win32
	EndGlobalSection
	GlobalSection(SolutionProperties) = preSolution
		HideSolutionNode = FALSE
	EndGlobalSection
	GlobalSection(ExtensibilityGlobals) = postSolution
		SolutionGuid = {6456A587-8A35-48F5-A463-A32E481F512A}
	EndGlobalSection
EndGlobal
